
Microsoft Visual Studio Solution File, Format Version 12.00
# Visual Studio Version 16
VisualStudioVersion = 16.0.31729.503
MinimumVisualStudioVersion = 10.0.40219.1
Project("{FAE04EC0-301F-11D3-BF4B-00C04F79EFBC}") = "Pokemon", "Pokemon.csproj", "{FD65E528-CD2D-4881-AEAA-788687D1C30B}"
EndProject
Global
	GlobalSection(SolutionConfigurationPlatforms) = preSolution
		Debug|Any CPU = Debug|Any CPU
		Release|Any CPU = Release|Any CPU
	EndGlobalSection
	GlobalSection(ProjectConfigurationPlatforms) = postSolution
		{FD65E528-CD2D-4881-AEAA-788687D1C30B}.Debug|Any CPU.ActiveCfg = Debug|Any CPU
		{FD65E528-CD2D-4881-AEAA-788687D1C30B}.Debug|Any CPU.Build.0 = Debug|Any CPU
		{FD65E528-CD2D-4881-AEAA-788687D1C30B}.Release|Any CPU.ActiveCfg = Release|Any CPU
		{FD65E528-CD2D-4881-AEAA-788687D1C30B}.Release|Any CPU.Build.0 = Release|Any CPU
	EndGlobalSection
	GlobalSection(SolutionProperties) = preSolution
		HideSolutionNode = FALSE
	EndGlobalSection
	GlobalSection(ExtensibilityGlobals) = postSolution
		SolutionGuid = {03D24469-1A33-4F11-A695-6E0AB6A22A23}
	EndGlobalSection
EndGlobal
